
Microsoft Visual Studio Solution File, Format Version 12.00
# Visual Studio Version 16
VisualStudioVersion = 16.0.31911.196
MinimumVisualStudioVersion = 10.0.40219.1
Project("{2150E333-8FDC-42A3-9474-1A3956D46DE8}") = "Core", "Core", "{EF468586-BB8C-4594-ACAF-5D9ADC4C938B}"
EndProject
Project("{2150E333-8FDC-42A3-9474-1A3956D46DE8}") = "Infrastructure", "Infrastructure", "{74B626DD-052A-407C-9E51-AE92D42D9CAA}"
EndProject
Project("{2150E333-8FDC-42A3-9474-1A3956D46DE8}") = "Presentation", "Presentation", "{B24F0092-132F-4C67-806E-07626D789730}"
EndProject
Project("{2150E333-8FDC-42A3-9474-1A3956D46DE8}") = "Tests", "Tests", "{DAA0EB59-7A07-48E8-ADFD-2F0799382CDC}"
EndProject
Project("{9A19103F-16F7-4668-BE54-9A1E7A4F7556}") = "Notes.Domain", "Notes.Domain\Notes.Domain.csproj", "{10BBC22C-9B41-4326-93A9-B7B5BDFD71BB}"
EndProject
Project("{9A19103F-16F7-4668-BE54-9A1E7A4F7556}") = "Notes.Application", "Notes.Application\Notes.Application.csproj", "{EE7313B9-73B4-41F7-A782-F247059CD7B0}"
EndProject
Project("{9A19103F-16F7-4668-BE54-9A1E7A4F7556}") = "Notes.Persistence", "Notes.Persistence\Notes.Persistence.csproj", "{8A98DF3B-F32D-4620-BB06-507D3551AB55}"
EndProject
Project("{9A19103F-16F7-4668-BE54-9A1E7A4F7556}") = "Notes.WebAPI", "Notes.WebAPI\Notes.WebAPI.csproj", "{22336ABC-A3E4-4EE9-9666-6F8D8BFFE626}"
EndProject
Global
	GlobalSection(SolutionConfigurationPlatforms) = preSolution
		Debug|Any CPU = Debug|Any CPU
		Release|Any CPU = Release|Any CPU
	EndGlobalSection
	GlobalSection(ProjectConfigurationPlatforms) = postSolution
		{10BBC22C-9B41-4326-93A9-B7B5BDFD71BB}.Debug|Any CPU.ActiveCfg = Debug|Any CPU
		{10BBC22C-9B41-4326-93A9-B7B5BDFD71BB}.Debug|Any CPU.Build.0 = Debug|Any CPU
		{10BBC22C-9B41-4326-93A9-B7B5BDFD71BB}.Release|Any CPU.ActiveCfg = Release|Any CPU
		{10BBC22C-9B41-4326-93A9-B7B5BDFD71BB}.Release|Any CPU.Build.0 = Release|Any CPU
		{EE7313B9-73B4-41F7-A782-F247059CD7B0}.Debug|Any CPU.ActiveCfg = Debug|Any CPU
		{EE7313B9-73B4-41F7-A782-F247059CD7B0}.Debug|Any CPU.Build.0 = Debug|Any CPU
		{EE7313B9-73B4-41F7-A782-F247059CD7B0}.Release|Any CPU.ActiveCfg = Release|Any CPU
		{EE7313B9-73B4-41F7-A782-F247059CD7B0}.Release|Any CPU.Build.0 = Release|Any CPU
		{8A98DF3B-F32D-4620-BB06-507D3551AB55}.Debug|Any CPU.ActiveCfg = Debug|Any CPU
		{8A98DF3B-F32D-4620-BB06-507D3551AB55}.Debug|Any CPU.Build.0 = Debug|Any CPU
		{8A98DF3B-F32D-4620-BB06-507D3551AB55}.Release|Any CPU.ActiveCfg = Release|Any CPU
		{8A98DF3B-F32D-4620-BB06-507D3551AB55}.Release|Any CPU.Build.0 = Release|Any CPU
		{22336ABC-A3E4-4EE9-9666-6F8D8BFFE626}.Debug|Any CPU.ActiveCfg = Debug|Any CPU
		{22336ABC-A3E4-4EE9-9666-6F8D8BFFE626}.Debug|Any CPU.Build.0 = Debug|Any CPU
		{22336ABC-A3E4-4EE9-9666-6F8D8BFFE626}.Release|Any CPU.ActiveCfg = Release|Any CPU
		{22336ABC-A3E4-4EE9-9666-6F8D8BFFE626}.Release|Any CPU.Build.0 = Release|Any CPU
	EndGlobalSection
	GlobalSection(SolutionProperties) = preSolution
		HideSolutionNode = FALSE
	EndGlobalSection
	GlobalSection(NestedProjects) = preSolution
		{10BBC22C-9B41-4326-93A9-B7B5BDFD71BB} = {EF468586-BB8C-4594-ACAF-5D9ADC4C938B}
		{EE7313B9-73B4-41F7-A782-F247059CD7B0} = {EF468586-BB8C-4594-ACAF-5D9ADC4C938B}
		{8A98DF3B-F32D-4620-BB06-507D3551AB55} = {74B626DD-052A-407C-9E51-AE92D42D9CAA}
		{22336ABC-A3E4-4EE9-9666-6F8D8BFFE626} = {B24F0092-132F-4C67-806E-07626D789730}
	EndGlobalSection
	GlobalSection(ExtensibilityGlobals) = postSolution
		SolutionGuid = {BD31D663-4A3D-418D-8B24-9EFB855A4B74}
	EndGlobalSection
EndGlobal
